// !$*UTF8*$!
{
	archiveVersion = 1;
	classes = {
	};
	objectVersion = 46;
	objects = {

/* Begin PBXBuildFile section */
		E127D3601CF82A4200226578 /* Localizable.strings in Resources */ = {isa = PBXBuildFile; fileRef = E127D3621CF82A4200226578 /* Localizable.strings */; };
		E16E589E194E531D00C468DA /* GameModel.swift in Sources */ = {isa = PBXBuildFile; fileRef = E16E589D194E531D00C468DA /* GameModel.swift */; };
		E16E58A0194E562900C468DA /* ColorTileView.swift in Sources */ = {isa = PBXBuildFile; fileRef = E16E589F194E562900C468DA /* ColorTileView.swift */; };
		E1A0DA6A1CEB9972001CA683 /* GoogleAnalyticsTracker.swift in Sources */ = {isa = PBXBuildFile; fileRef = E1A0DA691CEB9972001CA683 /* GoogleAnalyticsTracker.swift */; };
		E1A0DA6C1CEC4347001CA683 /* AppStartCounter.swift in Sources */ = {isa = PBXBuildFile; fileRef = E1A0DA6B1CEC4347001CA683 /* AppStartCounter.swift */; };
		E1A5FAFD1CEA5D7E007599D5 /* GoogleService-Info.plist in Resources */ = {isa = PBXBuildFile; fileRef = E1A5FAFC1CEA5D7E007599D5 /* GoogleService-Info.plist */; };
		E1C340EA1D04705D000BD93A /* ColorTileViewSpec.swift in Sources */ = {isa = PBXBuildFile; fileRef = E1C340E91D04705D000BD93A /* ColorTileViewSpec.swift */; };
		E1E586C7194E46AD001CD360 /* AppDelegate.swift in Sources */ = {isa = PBXBuildFile; fileRef = E1E586C6194E46AD001CD360 /* AppDelegate.swift */; };
		E1E586CC194E46AD001CD360 /* Main.storyboard in Resources */ = {isa = PBXBuildFile; fileRef = E1E586CA194E46AD001CD360 /* Main.storyboard */; };
		E1E586CE194E46AD001CD360 /* Images.xcassets in Resources */ = {isa = PBXBuildFile; fileRef = E1E586CD194E46AD001CD360 /* Images.xcassets */; };
		E1E586E5194E4721001CD360 /* GameViewController.swift in Sources */ = {isa = PBXBuildFile; fileRef = E1E586E4194E4721001CD360 /* GameViewController.swift */; };
		F7E0DB0D337BEF413C8F12CD /* Pods_Pixelino.framework in Frameworks */ = {isa = PBXBuildFile; fileRef = 6930F9930E1860EAB23D90A5 /* Pods_Pixelino.framework */; };
		F7E2144414F98B5BE1FA4C90 /* Pods_PixelinoTests.framework in Frameworks */ = {isa = PBXBuildFile; fileRef = 3C3F3A6D0A6B4E8C65B43575 /* Pods_PixelinoTests.framework */; };
/* End PBXBuildFile section */

/* Begin PBXContainerItemProxy section */
		E1E586D4194E46AD001CD360 /* PBXContainerItemProxy */ = {
			isa = PBXContainerItemProxy;
			containerPortal = E1E586B9194E46AC001CD360 /* Project object */;
			proxyType = 1;
			remoteGlobalIDString = E1E586C0194E46AC001CD360;
			remoteInfo = Pixelino;
		};
/* End PBXContainerItemProxy section */

/* Begin PBXFileReference section */
		17B6006F933C7E63D31CF53A /* Pods-PixelinoTests.debug.xcconfig */ = {isa = PBXFileReference; includeInIndex = 1; lastKnownFileType = text.xcconfig; name = "Pods-PixelinoTests.debug.xcconfig"; path = "Pods/Target Support Files/Pods-PixelinoTests/Pods-PixelinoTests.debug.xcconfig"; sourceTree = "<group>"; };
		3C3F3A6D0A6B4E8C65B43575 /* Pods_PixelinoTests.framework */ = {isa = PBXFileReference; explicitFileType = wrapper.framework; includeInIndex = 0; path = Pods_PixelinoTests.framework; sourceTree = BUILT_PRODUCTS_DIR; };
		50E1530813D7DAC7EDCB3DF9 /* Pods-PixelinoTests.release.xcconfig */ = {isa = PBXFileReference; includeInIndex = 1; lastKnownFileType = text.xcconfig; name = "Pods-PixelinoTests.release.xcconfig"; path = "Pods/Target Support Files/Pods-PixelinoTests/Pods-PixelinoTests.release.xcconfig"; sourceTree = "<group>"; };
		5AA63B03EAB2DF437CF5D8D2 /* Pods-Pixelino.release.xcconfig */ = {isa = PBXFileReference; includeInIndex = 1; lastKnownFileType = text.xcconfig; name = "Pods-Pixelino.release.xcconfig"; path = "Pods/Target Support Files/Pods-Pixelino/Pods-Pixelino.release.xcconfig"; sourceTree = "<group>"; };
		6930F9930E1860EAB23D90A5 /* Pods_Pixelino.framework */ = {isa = PBXFileReference; explicitFileType = wrapper.framework; includeInIndex = 0; path = Pods_Pixelino.framework; sourceTree = BUILT_PRODUCTS_DIR; };
		9159F01AE0CFD0B668840B02 /* Pods-Pixelino.debug.xcconfig */ = {isa = PBXFileReference; includeInIndex = 1; lastKnownFileType = text.xcconfig; name = "Pods-Pixelino.debug.xcconfig"; path = "Pods/Target Support Files/Pods-Pixelino/Pods-Pixelino.debug.xcconfig"; sourceTree = "<group>"; };
		E127D3611CF82A4200226578 /* en */ = {isa = PBXFileReference; lastKnownFileType = text.plist.strings; name = en; path = en.lproj/Localizable.strings; sourceTree = "<group>"; };
		E127D3631CF82A6500226578 /* de */ = {isa = PBXFileReference; lastKnownFileType = text.plist.strings; name = de; path = de.lproj/Localizable.strings; sourceTree = "<group>"; };
		E16E589D194E531D00C468DA /* GameModel.swift */ = {isa = PBXFileReference; fileEncoding = 4; lastKnownFileType = sourcecode.swift; path = GameModel.swift; sourceTree = "<group>"; };
		E16E589F194E562900C468DA /* ColorTileView.swift */ = {isa = PBXFileReference; fileEncoding = 4; lastKnownFileType = sourcecode.swift; path = ColorTileView.swift; sourceTree = "<group>"; };
		E1A0DA691CEB9972001CA683 /* GoogleAnalyticsTracker.swift */ = {isa = PBXFileReference; fileEncoding = 4; lastKnownFileType = sourcecode.swift; path = GoogleAnalyticsTracker.swift; sourceTree = "<group>"; };
		E1A0DA6B1CEC4347001CA683 /* AppStartCounter.swift */ = {isa = PBXFileReference; fileEncoding = 4; lastKnownFileType = sourcecode.swift; path = AppStartCounter.swift; sourceTree = "<group>"; };
		E1A5FAFB1CEA5967007599D5 /* Pixelino-Bridging-Header.h */ = {isa = PBXFileReference; fileEncoding = 4; lastKnownFileType = sourcecode.c.h; path = "Pixelino-Bridging-Header.h"; sourceTree = "<group>"; };
		E1A5FAFC1CEA5D7E007599D5 /* GoogleService-Info.plist */ = {isa = PBXFileReference; fileEncoding = 4; lastKnownFileType = text.plist.xml; path = "GoogleService-Info.plist"; sourceTree = SOURCE_ROOT; };
		E1C340E91D04705D000BD93A /* ColorTileViewSpec.swift */ = {isa = PBXFileReference; fileEncoding = 4; lastKnownFileType = sourcecode.swift; path = ColorTileViewSpec.swift; sourceTree = "<group>"; };
		E1E586C1194E46AC001CD360 /* Pixelino.app */ = {isa = PBXFileReference; explicitFileType = wrapper.application; includeInIndex = 0; path = Pixelino.app; sourceTree = BUILT_PRODUCTS_DIR; };
		E1E586C5194E46AD001CD360 /* Info.plist */ = {isa = PBXFileReference; lastKnownFileType = text.plist.xml; path = Info.plist; sourceTree = "<group>"; };
		E1E586C6194E46AD001CD360 /* AppDelegate.swift */ = {isa = PBXFileReference; lastKnownFileType = sourcecode.swift; path = AppDelegate.swift; sourceTree = "<group>"; };
		E1E586CB194E46AD001CD360 /* Base */ = {isa = PBXFileReference; lastKnownFileType = file.storyboard; name = Base; path = Base.lproj/Main.storyboard; sourceTree = "<group>"; };
		E1E586CD194E46AD001CD360 /* Images.xcassets */ = {isa = PBXFileReference; lastKnownFileType = folder.assetcatalog; path = Images.xcassets; sourceTree = "<group>"; };
		E1E586D3194E46AD001CD360 /* PixelinoTests.xctest */ = {isa = PBXFileReference; explicitFileType = wrapper.cfbundle; includeInIndex = 0; path = PixelinoTests.xctest; sourceTree = BUILT_PRODUCTS_DIR; };
		E1E586D8194E46AD001CD360 /* Info.plist */ = {isa = PBXFileReference; lastKnownFileType = text.plist.xml; path = Info.plist; sourceTree = "<group>"; };
		E1E586E4194E4721001CD360 /* GameViewController.swift */ = {isa = PBXFileReference; fileEncoding = 4; lastKnownFileType = sourcecode.swift; path = GameViewController.swift; sourceTree = "<group>"; };
/* End PBXFileReference section */

/* Begin PBXFrameworksBuildPhase section */
		E1E586BE194E46AC001CD360 /* Frameworks */ = {
			isa = PBXFrameworksBuildPhase;
			buildActionMask = 2147483647;
			files = (
				F7E0DB0D337BEF413C8F12CD /* Pods_Pixelino.framework in Frameworks */,
			);
			runOnlyForDeploymentPostprocessing = 0;
		};
		E1E586D0194E46AD001CD360 /* Frameworks */ = {
			isa = PBXFrameworksBuildPhase;
			buildActionMask = 2147483647;
			files = (
				F7E2144414F98B5BE1FA4C90 /* Pods_PixelinoTests.framework in Frameworks */,
			);
			runOnlyForDeploymentPostprocessing = 0;
		};
/* End PBXFrameworksBuildPhase section */

/* Begin PBXGroup section */
		3985614F57E46C8F18AE69D1 /* Pods */ = {
			isa = PBXGroup;
			children = (
				9159F01AE0CFD0B668840B02 /* Pods-Pixelino.debug.xcconfig */,
				5AA63B03EAB2DF437CF5D8D2 /* Pods-Pixelino.release.xcconfig */,
				17B6006F933C7E63D31CF53A /* Pods-PixelinoTests.debug.xcconfig */,
				50E1530813D7DAC7EDCB3DF9 /* Pods-PixelinoTests.release.xcconfig */,
			);
			name = Pods;
			sourceTree = "<group>";
		};
		94C85DCB64E827C9E9617713 /* Frameworks */ = {
			isa = PBXGroup;
			children = (
				6930F9930E1860EAB23D90A5 /* Pods_Pixelino.framework */,
				3C3F3A6D0A6B4E8C65B43575 /* Pods_PixelinoTests.framework */,
			);
			name = Frameworks;
			sourceTree = "<group>";
		};
		E14C46D41CE9452F001500C8 /* Resources */ = {
			isa = PBXGroup;
			children = (
				E127D3621CF82A4200226578 /* Localizable.strings */,
			);
			path = Resources;
			sourceTree = "<group>";
		};
		E1E586B8194E46AC001CD360 = {
			isa = PBXGroup;
			children = (
				E1E586C3194E46AC001CD360 /* Pixelino */,
				E1E586D6194E46AD001CD360 /* PixelinoTests */,
				E1E586C2194E46AC001CD360 /* Products */,
				3985614F57E46C8F18AE69D1 /* Pods */,
				94C85DCB64E827C9E9617713 /* Frameworks */,
			);
			sourceTree = "<group>";
		};
		E1E586C2194E46AC001CD360 /* Products */ = {
			isa = PBXGroup;
			children = (
				E1E586C1194E46AC001CD360 /* Pixelino.app */,
				E1E586D3194E46AD001CD360 /* PixelinoTests.xctest */,
			);
			name = Products;
			sourceTree = "<group>";
		};
		E1E586C3194E46AC001CD360 /* Pixelino */ = {
			isa = PBXGroup;
			children = (
				E1E586C6194E46AD001CD360 /* AppDelegate.swift */,
				E1E586CA194E46AD001CD360 /* Main.storyboard */,
				E1E586E3194E46E5001CD360 /* Classes */,
				E14C46D41CE9452F001500C8 /* Resources */,
				E1E586CD194E46AD001CD360 /* Images.xcassets */,
				E1E586C4194E46AD001CD360 /* Supporting Files */,
			);
			path = Pixelino;
			sourceTree = "<group>";
		};
		E1E586C4194E46AD001CD360 /* Supporting Files */ = {
			isa = PBXGroup;
			children = (
				E1A5FAFC1CEA5D7E007599D5 /* GoogleService-Info.plist */,
				E1E586C5194E46AD001CD360 /* Info.plist */,
				E1A5FAFB1CEA5967007599D5 /* Pixelino-Bridging-Header.h */,
			);
			name = "Supporting Files";
			sourceTree = "<group>";
		};
		E1E586D6194E46AD001CD360 /* PixelinoTests */ = {
			isa = PBXGroup;
			children = (
				E1C340E91D04705D000BD93A /* ColorTileViewSpec.swift */,
				E1E586D7194E46AD001CD360 /* Supporting Files */,
			);
			path = PixelinoTests;
			sourceTree = "<group>";
		};
		E1E586D7194E46AD001CD360 /* Supporting Files */ = {
			isa = PBXGroup;
			children = (
				E1E586D8194E46AD001CD360 /* Info.plist */,
			);
			name = "Supporting Files";
			sourceTree = "<group>";
		};
		E1E586E3194E46E5001CD360 /* Classes */ = {
			isa = PBXGroup;
			children = (
				E1E586E4194E4721001CD360 /* GameViewController.swift */,
				E16E589D194E531D00C468DA /* GameModel.swift */,
				E16E589F194E562900C468DA /* ColorTileView.swift */,
				E1A0DA691CEB9972001CA683 /* GoogleAnalyticsTracker.swift */,
				E1A0DA6B1CEC4347001CA683 /* AppStartCounter.swift */,
			);
			path = Classes;
			sourceTree = "<group>";
		};
/* End PBXGroup section */

/* Begin PBXNativeTarget section */
		E1E586C0194E46AC001CD360 /* Pixelino */ = {
			isa = PBXNativeTarget;
			buildConfigurationList = E1E586DD194E46AD001CD360 /* Build configuration list for PBXNativeTarget "Pixelino" */;
			buildPhases = (
				ED45CDDE32C99E61AE81CF8A /* Check Pods Manifest.lock */,
				E1E586BD194E46AC001CD360 /* Sources */,
				E1E586BE194E46AC001CD360 /* Frameworks */,
				E1E586BF194E46AC001CD360 /* Resources */,
				9D810A2B074621BE344D9589 /* Embed Pods Frameworks */,
				B23B428CAF51A2E552C8A246 /* Copy Pods Resources */,
			);
			buildRules = (
			);
			dependencies = (
			);
			name = Pixelino;
			productName = Pixelino;
			productReference = E1E586C1194E46AC001CD360 /* Pixelino.app */;
			productType = "com.apple.product-type.application";
		};
		E1E586D2194E46AD001CD360 /* PixelinoTests */ = {
			isa = PBXNativeTarget;
			buildConfigurationList = E1E586E0194E46AD001CD360 /* Build configuration list for PBXNativeTarget "PixelinoTests" */;
			buildPhases = (
				9D7343F0A5830A55258A428C /* Check Pods Manifest.lock */,
				E1E586CF194E46AD001CD360 /* Sources */,
				E1E586D0194E46AD001CD360 /* Frameworks */,
				E1E586D1194E46AD001CD360 /* Resources */,
				E9248727D4965A14C806680A /* Embed Pods Frameworks */,
				64EAD4AA872390EC82FF022A /* Copy Pods Resources */,
			);
			buildRules = (
			);
			dependencies = (
				E1E586D5194E46AD001CD360 /* PBXTargetDependency */,
			);
			name = PixelinoTests;
			productName = PixelinoTests;
			productReference = E1E586D3194E46AD001CD360 /* PixelinoTests.xctest */;
			productType = "com.apple.product-type.bundle.unit-test";
		};
/* End PBXNativeTarget section */

/* Begin PBXProject section */
		E1E586B9194E46AC001CD360 /* Project object */ = {
			isa = PBXProject;
			attributes = {
				LastSwiftMigration = 0730;
				LastSwiftUpdateCheck = 0730;
				LastUpgradeCheck = 0730;
				ORGANIZATIONNAME = "Robert Mißbach";
				TargetAttributes = {
					E1E586C0194E46AC001CD360 = {
						CreatedOnToolsVersion = 6.0;
					};
					E1E586D2194E46AD001CD360 = {
						CreatedOnToolsVersion = 6.0;
						TestTargetID = E1E586C0194E46AC001CD360;
					};
				};
			};
			buildConfigurationList = E1E586BC194E46AC001CD360 /* Build configuration list for PBXProject "Pixelino" */;
			compatibilityVersion = "Xcode 3.2";
			developmentRegion = English;
			hasScannedForEncodings = 0;
			knownRegions = (
				en,
				Base,
				de,
			);
			mainGroup = E1E586B8194E46AC001CD360;
			productRefGroup = E1E586C2194E46AC001CD360 /* Products */;
			projectDirPath = "";
			projectRoot = "";
			targets = (
				E1E586C0194E46AC001CD360 /* Pixelino */,
				E1E586D2194E46AD001CD360 /* PixelinoTests */,
			);
		};
/* End PBXProject section */

/* Begin PBXResourcesBuildPhase section */
		E1E586BF194E46AC001CD360 /* Resources */ = {
			isa = PBXResourcesBuildPhase;
			buildActionMask = 2147483647;
			files = (
				E1E586CC194E46AD001CD360 /* Main.storyboard in Resources */,
				E1A5FAFD1CEA5D7E007599D5 /* GoogleService-Info.plist in Resources */,
				E127D3601CF82A4200226578 /* Localizable.strings in Resources */,
				E1E586CE194E46AD001CD360 /* Images.xcassets in Resources */,
			);
			runOnlyForDeploymentPostprocessing = 0;
		};
		E1E586D1194E46AD001CD360 /* Resources */ = {
			isa = PBXResourcesBuildPhase;
			buildActionMask = 2147483647;
			files = (
			);
			runOnlyForDeploymentPostprocessing = 0;
		};
/* End PBXResourcesBuildPhase section */

/* Begin PBXShellScriptBuildPhase section */
		64EAD4AA872390EC82FF022A /* Copy Pods Resources */ = {
			isa = PBXShellScriptBuildPhase;
			buildActionMask = 2147483647;
			files = (
			);
			inputPaths = (
			);
			name = "Copy Pods Resources";
			outputPaths = (
			);
			runOnlyForDeploymentPostprocessing = 0;
			shellPath = /bin/sh;
			shellScript = "\"${SRCROOT}/Pods/Target Support Files/Pods-PixelinoTests/Pods-PixelinoTests-resources.sh\"\n";
			showEnvVarsInLog = 0;
		};
		9D7343F0A5830A55258A428C /* Check Pods Manifest.lock */ = {
			isa = PBXShellScriptBuildPhase;
			buildActionMask = 2147483647;
			files = (
			);
			inputPaths = (
			);
			name = "Check Pods Manifest.lock";
			outputPaths = (
			);
			runOnlyForDeploymentPostprocessing = 0;
			shellPath = /bin/sh;
			shellScript = "diff \"${PODS_ROOT}/../Podfile.lock\" \"${PODS_ROOT}/Manifest.lock\" > /dev/null\nif [[ $? != 0 ]] ; then\n    cat << EOM\nerror: The sandbox is not in sync with the Podfile.lock. Run 'pod install' or update your CocoaPods installation.\nEOM\n    exit 1\nfi\n";
			showEnvVarsInLog = 0;
		};
		9D810A2B074621BE344D9589 /* Embed Pods Frameworks */ = {
			isa = PBXShellScriptBuildPhase;
			buildActionMask = 2147483647;
			files = (
			);
			inputPaths = (
			);
			name = "Embed Pods Frameworks";
			outputPaths = (
			);
			runOnlyForDeploymentPostprocessing = 0;
			shellPath = /bin/sh;
			shellScript = "\"${SRCROOT}/Pods/Target Support Files/Pods-Pixelino/Pods-Pixelino-frameworks.sh\"\n";
			showEnvVarsInLog = 0;
		};
		B23B428CAF51A2E552C8A246 /* Copy Pods Resources */ = {
			isa = PBXShellScriptBuildPhase;
			buildActionMask = 2147483647;
			files = (
			);
			inputPaths = (
			);
			name = "Copy Pods Resources";
			outputPaths = (
			);
			runOnlyForDeploymentPostprocessing = 0;
			shellPath = /bin/sh;
			shellScript = "\"${SRCROOT}/Pods/Target Support Files/Pods-Pixelino/Pods-Pixelino-resources.sh\"\n";
			showEnvVarsInLog = 0;
		};
		E9248727D4965A14C806680A /* Embed Pods Frameworks */ = {
			isa = PBXShellScriptBuildPhase;
			buildActionMask = 2147483647;
			files = (
			);
			inputPaths = (
			);
			name = "Embed Pods Frameworks";
			outputPaths = (
			);
			runOnlyForDeploymentPostprocessing = 0;
			shellPath = /bin/sh;
			shellScript = "\"${SRCROOT}/Pods/Target Support Files/Pods-PixelinoTests/Pods-PixelinoTests-frameworks.sh\"\n";
			showEnvVarsInLog = 0;
		};
		ED45CDDE32C99E61AE81CF8A /* Check Pods Manifest.lock */ = {
			isa = PBXShellScriptBuildPhase;
			buildActionMask = 2147483647;
			files = (
			);
			inputPaths = (
			);
			name = "Check Pods Manifest.lock";
			outputPaths = (
			);
			runOnlyForDeploymentPostprocessing = 0;
			shellPath = /bin/sh;
			shellScript = "diff \"${PODS_ROOT}/../Podfile.lock\" \"${PODS_ROOT}/Manifest.lock\" > /dev/null\nif [[ $? != 0 ]] ; then\n    cat << EOM\nerror: The sandbox is not in sync with the Podfile.lock. Run 'pod install' or update your CocoaPods installation.\nEOM\n    exit 1\nfi\n";
			showEnvVarsInLog = 0;
		};
/* End PBXShellScriptBuildPhase section */

/* Begin PBXSourcesBuildPhase section */
		E1E586BD194E46AC001CD360 /* Sources */ = {
			isa = PBXSourcesBuildPhase;
			buildActionMask = 2147483647;
			files = (
				E1E586E5194E4721001CD360 /* GameViewController.swift in Sources */,
				E1E586C7194E46AD001CD360 /* AppDelegate.swift in Sources */,
				E16E589E194E531D00C468DA /* GameModel.swift in Sources */,
				E1A0DA6C1CEC4347001CA683 /* AppStartCounter.swift in Sources */,
				E1A0DA6A1CEB9972001CA683 /* GoogleAnalyticsTracker.swift in Sources */,
				E16E58A0194E562900C468DA /* ColorTileView.swift in Sources */,
			);
			runOnlyForDeploymentPostprocessing = 0;
		};
		E1E586CF194E46AD001CD360 /* Sources */ = {
			isa = PBXSourcesBuildPhase;
			buildActionMask = 2147483647;
			files = (
				E1C340EA1D04705D000BD93A /* ColorTileViewSpec.swift in Sources */,
			);
			runOnlyForDeploymentPostprocessing = 0;
		};
/* End PBXSourcesBuildPhase section */

/* Begin PBXTargetDependency section */
		E1E586D5194E46AD001CD360 /* PBXTargetDependency */ = {
			isa = PBXTargetDependency;
			target = E1E586C0194E46AC001CD360 /* Pixelino */;
			targetProxy = E1E586D4194E46AD001CD360 /* PBXContainerItemProxy */;
		};
/* End PBXTargetDependency section */

/* Begin PBXVariantGroup section */
		E127D3621CF82A4200226578 /* Localizable.strings */ = {
			isa = PBXVariantGroup;
			children = (
				E127D3611CF82A4200226578 /* en */,
				E127D3631CF82A6500226578 /* de */,
			);
			name = Localizable.strings;
			sourceTree = "<group>";
		};
		E1E586CA194E46AD001CD360 /* Main.storyboard */ = {
			isa = PBXVariantGroup;
			children = (
				E1E586CB194E46AD001CD360 /* Base */,
			);
			name = Main.storyboard;
			sourceTree = "<group>";
		};
/* End PBXVariantGroup section */

/* Begin XCBuildConfiguration section */
		E1E586DB194E46AD001CD360 /* Debug */ = {
			isa = XCBuildConfiguration;
			buildSettings = {
				ALWAYS_SEARCH_USER_PATHS = NO;
				CLANG_CXX_LANGUAGE_STANDARD = "gnu++0x";
				CLANG_CXX_LIBRARY = "libc++";
				CLANG_ENABLE_MODULES = YES;
				CLANG_ENABLE_OBJC_ARC = YES;
				CLANG_WARN_BOOL_CONVERSION = YES;
				CLANG_WARN_CONSTANT_CONVERSION = YES;
				CLANG_WARN_DIRECT_OBJC_ISA_USAGE = YES_ERROR;
				CLANG_WARN_EMPTY_BODY = YES;
				CLANG_WARN_ENUM_CONVERSION = YES;
				CLANG_WARN_INT_CONVERSION = YES;
				CLANG_WARN_OBJC_ROOT_CLASS = YES_ERROR;
				CLANG_WARN_UNREACHABLE_CODE = YES;
				CLANG_WARN__DUPLICATE_METHOD_MATCH = YES;
				"CODE_SIGN_IDENTITY[sdk=iphoneos*]" = "iPhone Developer";
				COPY_PHASE_STRIP = NO;
				ENABLE_STRICT_OBJC_MSGSEND = YES;
				ENABLE_TESTABILITY = YES;
				GCC_C_LANGUAGE_STANDARD = gnu99;
				GCC_DYNAMIC_NO_PIC = NO;
				GCC_OPTIMIZATION_LEVEL = 0;
				GCC_PREPROCESSOR_DEFINITIONS = (
					"DEBUG=1",
					"$(inherited)",
				);
				GCC_SYMBOLS_PRIVATE_EXTERN = NO;
				GCC_WARN_64_TO_32_BIT_CONVERSION = YES;
				GCC_WARN_ABOUT_RETURN_TYPE = YES_ERROR;
				GCC_WARN_UNDECLARED_SELECTOR = YES;
				GCC_WARN_UNINITIALIZED_AUTOS = YES_AGGRESSIVE;
				GCC_WARN_UNUSED_FUNCTION = YES;
				GCC_WARN_UNUSED_VARIABLE = YES;
				IPHONEOS_DEPLOYMENT_TARGET = 9.3;
				METAL_ENABLE_DEBUG_INFO = YES;
				ONLY_ACTIVE_ARCH = YES;
				OTHER_SWIFT_FLAGS = "-D DEBUG";
				SDKROOT = iphoneos;
				SWIFT_OBJC_BRIDGING_HEADER = "Pixelino/Pixelino-Bridging-Header.h";
				SWIFT_OPTIMIZATION_LEVEL = "-Onone";
				TARGETED_DEVICE_FAMILY = "1,2";
			};
			name = Debug;
		};
		E1E586DC194E46AD001CD360 /* Release */ = {
			isa = XCBuildConfiguration;
			buildSettings = {
				ALWAYS_SEARCH_USER_PATHS = NO;
				CLANG_CXX_LANGUAGE_STANDARD = "gnu++0x";
				CLANG_CXX_LIBRARY = "libc++";
				CLANG_ENABLE_MODULES = YES;
				CLANG_ENABLE_OBJC_ARC = YES;
				CLANG_WARN_BOOL_CONVERSION = YES;
				CLANG_WARN_CONSTANT_CONVERSION = YES;
				CLANG_WARN_DIRECT_OBJC_ISA_USAGE = YES_ERROR;
				CLANG_WARN_EMPTY_BODY = YES;
				CLANG_WARN_ENUM_CONVERSION = YES;
				CLANG_WARN_INT_CONVERSION = YES;
				CLANG_WARN_OBJC_ROOT_CLASS = YES_ERROR;
				CLANG_WARN_UNREACHABLE_CODE = YES;
				CLANG_WARN__DUPLICATE_METHOD_MATCH = YES;
				"CODE_SIGN_IDENTITY[sdk=iphoneos*]" = "iPhone Distribution";
				COPY_PHASE_STRIP = YES;
				ENABLE_NS_ASSERTIONS = NO;
				ENABLE_STRICT_OBJC_MSGSEND = YES;
				GCC_C_LANGUAGE_STANDARD = gnu99;
				GCC_WARN_64_TO_32_BIT_CONVERSION = YES;
				GCC_WARN_ABOUT_RETURN_TYPE = YES_ERROR;
				GCC_WARN_UNDECLARED_SELECTOR = YES;
				GCC_WARN_UNINITIALIZED_AUTOS = YES_AGGRESSIVE;
				GCC_WARN_UNUSED_FUNCTION = YES;
				GCC_WARN_UNUSED_VARIABLE = YES;
				IPHONEOS_DEPLOYMENT_TARGET = 9.3;
				METAL_ENABLE_DEBUG_INFO = NO;
				SDKROOT = iphoneos;
				SWIFT_OBJC_BRIDGING_HEADER = "Pixelino/Pixelino-Bridging-Header.h";
				TARGETED_DEVICE_FAMILY = "1,2";
				VALIDATE_PRODUCT = YES;
			};
			name = Release;
		};
		E1E586DE194E46AD001CD360 /* Debug */ = {
			isa = XCBuildConfiguration;
			baseConfigurationReference = 9159F01AE0CFD0B668840B02 /* Pods-Pixelino.debug.xcconfig */;
			buildSettings = {
				ASSETCATALOG_COMPILER_APPICON_NAME = AppIcon;
				INFOPLIST_FILE = Pixelino/Info.plist;
				IPHONEOS_DEPLOYMENT_TARGET = 9.3;
				LD_RUNPATH_SEARCH_PATHS = "$(inherited) @executable_path/Frameworks";
				PRODUCT_BUNDLE_IDENTIFIER = "com.robert-missbach.${PRODUCT_NAME:rfc1034identifier}";
				PRODUCT_NAME = "$(TARGET_NAME)";
			};
			name = Debug;
		};
		E1E586DF194E46AD001CD360 /* Release */ = {
			isa = XCBuildConfiguration;
			baseConfigurationReference = 5AA63B03EAB2DF437CF5D8D2 /* Pods-Pixelino.release.xcconfig */;
			buildSettings = {
				ASSETCATALOG_COMPILER_APPICON_NAME = AppIcon;
				INFOPLIST_FILE = Pixelino/Info.plist;
				IPHONEOS_DEPLOYMENT_TARGET = 9.3;
				LD_RUNPATH_SEARCH_PATHS = "$(inherited) @executable_path/Frameworks";
				PRODUCT_BUNDLE_IDENTIFIER = "com.robert-missbach.${PRODUCT_NAME:rfc1034identifier}";
				PRODUCT_NAME = "$(TARGET_NAME)";
			};
			name = Release;
		};
		E1E586E1194E46AD001CD360 /* Debug */ = {
			isa = XCBuildConfiguration;
			baseConfigurationReference = 17B6006F933C7E63D31CF53A /* Pods-PixelinoTests.debug.xcconfig */;
			buildSettings = {
				BUNDLE_LOADER = "$(BUILT_PRODUCTS_DIR)/Pixelino.app/Pixelino";
				FRAMEWORK_SEARCH_PATHS = (
					"$(SDKROOT)/Developer/Library/Frameworks",
					"$(inherited)",
				);
				GCC_PREPROCESSOR_DEFINITIONS = (
					"DEBUG=1",
					"$(inherited)",
				);
				INFOPLIST_FILE = PixelinoTests/Info.plist;
				LD_RUNPATH_SEARCH_PATHS = "$(inherited) @executable_path/Frameworks @loader_path/Frameworks";
				METAL_ENABLE_DEBUG_INFO = YES;
				PRODUCT_BUNDLE_IDENTIFIER = "com.robert-missbach.${PRODUCT_NAME:rfc1034identifier}";
				PRODUCT_NAME = "$(TARGET_NAME)";
				TEST_HOST = "$(BUNDLE_LOADER)";
			};
			name = Debug;
		};
		E1E586E2194E46AD001CD360 /* Release */ = {
			isa = XCBuildConfiguration;
			baseConfigurationReference = 50E1530813D7DAC7EDCB3DF9 /* Pods-PixelinoTests.release.xcconfig */;
			buildSettings = {
				BUNDLE_LOADER = "$(BUILT_PRODUCTS_DIR)/Pixelino.app/Pixelino";
				FRAMEWORK_SEARCH_PATHS = (
					"$(SDKROOT)/Developer/Library/Frameworks",
					"$(inherited)",
				);
				INFOPLIST_FILE = PixelinoTests/Info.plist;
				LD_RUNPATH_SEARCH_PATHS = "$(inherited) @executable_path/Frameworks @loader_path/Frameworks";
				METAL_ENABLE_DEBUG_INFO = NO;
				PRODUCT_BUNDLE_IDENTIFIER = "com.robert-missbach.${PRODUCT_NAME:rfc1034identifier}";
				PRODUCT_NAME = "$(TARGET_NAME)";
				TEST_HOST = "$(BUNDLE_LOADER)";
			};
			name = Release;
		};
/* End XCBuildConfiguration section */

/* Begin XCConfigurationList section */
		E1E586BC194E46AC001CD360 /* Build configuration list for PBXProject "Pixelino" */ = {
			isa = XCConfigurationList;
			buildConfigurations = (
				E1E586DB194E46AD001CD360 /* Debug */,
				E1E586DC194E46AD001CD360 /* Release */,
			);
			defaultConfigurationIsVisible = 0;
			defaultConfigurationName = Release;
		};
		E1E586DD194E46AD001CD360 /* Build configuration list for PBXNativeTarget "Pixelino" */ = {
			isa = XCConfigurationList;
			buildConfigurations = (
				E1E586DE194E46AD001CD360 /* Debug */,
				E1E586DF194E46AD001CD360 /* Release */,
			);
			defaultConfigurationIsVisible = 0;
			defaultConfigurationName = Release;
		};
		E1E586E0194E46AD001CD360 /* Build configuration list for PBXNativeTarget "PixelinoTests" */ = {
			isa = XCConfigurationList;
			buildConfigurations = (
				E1E586E1194E46AD001CD360 /* Debug */,
				E1E586E2194E46AD001CD360 /* Release */,
			);
			defaultConfigurationIsVisible = 0;
			defaultConfigurationName = Release;
		};
/* End XCConfigurationList section */
	};
	rootObject = E1E586B9194E46AC001CD360 /* Project object */;
}
