// !$*UTF8*$!
{
	archiveVersion = 1;
	classes = {
	};
	objectVersion = 46;
	objects = {

/* Begin PBXBuildFile section */
		E1E586C7194E46AD001CD360 /* AppDelegate.swift in Sources */ = {isa = PBXBuildFile; fileRef = E1E586C6194E46AD001CD360 /* AppDelegate.swift */; };
		E1E586C9194E46AD001CD360 /* ViewController.swift in Sources */ = {isa = PBXBuildFile; fileRef = E1E586C8194E46AD001CD360 /* ViewController.swift */; };
		E1E586CC194E46AD001CD360 /* Main.storyboard in Resources */ = {isa = PBXBuildFile; fileRef = E1E586CA194E46AD001CD360 /* Main.storyboard */; };
		E1E586CE194E46AD001CD360 /* Images.xcassets in Resources */ = {isa = PBXBuildFile; fileRef = E1E586CD194E46AD001CD360 /* Images.xcassets */; };
		E1E586DA194E46AD001CD360 /* PixelinoTests.swift in Sources */ = {isa = PBXBuildFile; fileRef = E1E586D9194E46AD001CD360 /* PixelinoTests.swift */; };
/* End PBXBuildFile section */

/* Begin PBXContainerItemProxy section */
		E1E586D4194E46AD001CD360 /* PBXContainerItemProxy */ = {
			isa = PBXContainerItemProxy;
			containerPortal = E1E586B9194E46AC001CD360 /* Project object */;
			proxyType = 1;
			remoteGlobalIDString = E1E586C0194E46AC001CD360;
			remoteInfo = Pixelino;
		};
/* End PBXContainerItemProxy section */

/* Begin PBXFileReference section */
		E1E586C1194E46AC001CD360 /* Pixelino.app */ = {isa = PBXFileReference; explicitFileType = wrapper.application; includeInIndex = 0; path = Pixelino.app; sourceTree = BUILT_PRODUCTS_DIR; };
		E1E586C5194E46AD001CD360 /* Info.plist */ = {isa = PBXFileReference; lastKnownFileType = text.plist.xml; path = Info.plist; sourceTree = "<group>"; };
		E1E586C6194E46AD001CD360 /* AppDelegate.swift */ = {isa = PBXFileReference; lastKnownFileType = sourcecode.swift; path = AppDelegate.swift; sourceTree = "<group>"; };
		E1E586C8194E46AD001CD360 /* ViewController.swift */ = {isa = PBXFileReference; lastKnownFileType = sourcecode.swift; path = ViewController.swift; sourceTree = "<group>"; };
		E1E586CB194E46AD001CD360 /* Base */ = {isa = PBXFileReference; lastKnownFileType = file.storyboard; name = Base; path = Base.lproj/Main.storyboard; sourceTree = "<group>"; };
		E1E586CD194E46AD001CD360 /* Images.xcassets */ = {isa = PBXFileReference; lastKnownFileType = folder.assetcatalog; path = Images.xcassets; sourceTree = "<group>"; };
		E1E586D3194E46AD001CD360 /* PixelinoTests.xctest */ = {isa = PBXFileReference; explicitFileType = wrapper.cfbundle; includeInIndex = 0; path = PixelinoTests.xctest; sourceTree = BUILT_PRODUCTS_DIR; };
		E1E586D8194E46AD001CD360 /* Info.plist */ = {isa = PBXFileReference; lastKnownFileType = text.plist.xml; path = Info.plist; sourceTree = "<group>"; };
		E1E586D9194E46AD001CD360 /* PixelinoTests.swift */ = {isa = PBXFileReference; lastKnownFileType = sourcecode.swift; path = PixelinoTests.swift; sourceTree = "<group>"; };
/* End PBXFileReference section */

/* Begin PBXFrameworksBuildPhase section */
		E1E586BE194E46AC001CD360 /* Frameworks */ = {
			isa = PBXFrameworksBuildPhase;
			buildActionMask = 2147483647;
			files = (
			);
			runOnlyForDeploymentPostprocessing = 0;
		};
		E1E586D0194E46AD001CD360 /* Frameworks */ = {
			isa = PBXFrameworksBuildPhase;
			buildActionMask = 2147483647;
			files = (
			);
			runOnlyForDeploymentPostprocessing = 0;
		};
/* End PBXFrameworksBuildPhase section */

/* Begin PBXGroup section */
		E1E586B8194E46AC001CD360 = {
			isa = PBXGroup;
			children = (
				E1E586C3194E46AC001CD360 /* Pixelino */,
				E1E586D6194E46AD001CD360 /* PixelinoTests */,
				E1E586C2194E46AC001CD360 /* Products */,
			);
			sourceTree = "<group>";
		};
		E1E586C2194E46AC001CD360 /* Products */ = {
			isa = PBXGroup;
			children = (
				E1E586C1194E46AC001CD360 /* Pixelino.app */,
				E1E586D3194E46AD001CD360 /* PixelinoTests.xctest */,
			);
			name = Products;
			sourceTree = "<group>";
		};
		E1E586C3194E46AC001CD360 /* Pixelino */ = {
			isa = PBXGroup;
			children = (
				E1E586C6194E46AD001CD360 /* AppDelegate.swift */,
				E1E586C8194E46AD001CD360 /* ViewController.swift */,
				E1E586CA194E46AD001CD360 /* Main.storyboard */,
				E1E586CD194E46AD001CD360 /* Images.xcassets */,
				E1E586C4194E46AD001CD360 /* Supporting Files */,
			);
			path = Pixelino;
			sourceTree = "<group>";
		};
		E1E586C4194E46AD001CD360 /* Supporting Files */ = {
			isa = PBXGroup;
			children = (
				E1E586C5194E46AD001CD360 /* Info.plist */,
			);
			name = "Supporting Files";
			sourceTree = "<group>";
		};
		E1E586D6194E46AD001CD360 /* PixelinoTests */ = {
			isa = PBXGroup;
			children = (
				E1E586D9194E46AD001CD360 /* PixelinoTests.swift */,
				E1E586D7194E46AD001CD360 /* Supporting Files */,
			);
			path = PixelinoTests;
			sourceTree = "<group>";
		};
		E1E586D7194E46AD001CD360 /* Supporting Files */ = {
			isa = PBXGroup;
			children = (
				E1E586D8194E46AD001CD360 /* Info.plist */,
			);
			name = "Supporting Files";
			sourceTree = "<group>";
		};
/* End PBXGroup section */

/* Begin PBXNativeTarget section */
		E1E586C0194E46AC001CD360 /* Pixelino */ = {
			isa = PBXNativeTarget;
			buildConfigurationList = E1E586DD194E46AD001CD360 /* Build configuration list for PBXNativeTarget "Pixelino" */;
			buildPhases = (
				E1E586BD194E46AC001CD360 /* Sources */,
				E1E586BE194E46AC001CD360 /* Frameworks */,
				E1E586BF194E46AC001CD360 /* Resources */,
			);
			buildRules = (
			);
			dependencies = (
			);
			name = Pixelino;
			productName = Pixelino;
			productReference = E1E586C1194E46AC001CD360 /* Pixelino.app */;
			productType = "com.apple.product-type.application";
		};
		E1E586D2194E46AD001CD360 /* PixelinoTests */ = {
			isa = PBXNativeTarget;
			buildConfigurationList = E1E586E0194E46AD001CD360 /* Build configuration list for PBXNativeTarget "PixelinoTests" */;
			buildPhases = (
				E1E586CF194E46AD001CD360 /* Sources */,
				E1E586D0194E46AD001CD360 /* Frameworks */,
				E1E586D1194E46AD001CD360 /* Resources */,
			);
			buildRules = (
			);
			dependencies = (
				E1E586D5194E46AD001CD360 /* PBXTargetDependency */,
			);
			name = PixelinoTests;
			productName = PixelinoTests;
			productReference = E1E586D3194E46AD001CD360 /* PixelinoTests.xctest */;
			productType = "com.apple.product-type.bundle.unit-test";
		};
/* End PBXNativeTarget section */

/* Begin PBXProject section */
		E1E586B9194E46AC001CD360 /* Project object */ = {
			isa = PBXProject;
			attributes = {
				LastUpgradeCheck = 0600;
				ORGANIZATIONNAME = "Robert Mißbach";
				TargetAttributes = {
					E1E586C0194E46AC001CD360 = {
						CreatedOnToolsVersion = 6.0;
					};
					E1E586D2194E46AD001CD360 = {
						CreatedOnToolsVersion = 6.0;
						TestTargetID = E1E586C0194E46AC001CD360;
					};
				};
			};
			buildConfigurationList = E1E586BC194E46AC001CD360 /* Build configuration list for PBXProject "Pixelino" */;
			compatibilityVersion = "Xcode 3.2";
			developmentRegion = English;
			hasScannedForEncodings = 0;
			knownRegions = (
				en,
				Base,
			);
			mainGroup = E1E586B8194E46AC001CD360;
			productRefGroup = E1E586C2194E46AC001CD360 /* Products */;
			projectDirPath = "";
			projectRoot = "";
			targets = (
				E1E586C0194E46AC001CD360 /* Pixelino */,
				E1E586D2194E46AD001CD360 /* PixelinoTests */,
			);
		};
/* End PBXProject section */

/* Begin PBXResourcesBuildPhase section */
		E1E586BF194E46AC001CD360 /* Resources */ = {
			isa = PBXResourcesBuildPhase;
			buildActionMask = 2147483647;
			files = (
				E1E586CC194E46AD001CD360 /* Main.storyboard in Resources */,
				E1E586CE194E46AD001CD360 /* Images.xcassets in Resources */,
			);
			runOnlyForDeploymentPostprocessing = 0;
		};
		E1E586D1194E46AD001CD360 /* Resources */ = {
			isa = PBXResourcesBuildPhase;
			buildActionMask = 2147483647;
			files = (
			);
			runOnlyForDeploymentPostprocessing = 0;
		};
/* End PBXResourcesBuildPhase section */

/* Begin PBXSourcesBuildPhase section */
		E1E586BD194E46AC001CD360 /* Sources */ = {
			isa = PBXSourcesBuildPhase;
			buildActionMask = 2147483647;
			files = (
				E1E586C9194E46AD001CD360 /* ViewController.swift in Sources */,
				E1E586C7194E46AD001CD360 /* AppDelegate.swift in Sources */,
			);
			runOnlyForDeploymentPostprocessing = 0;
		};
		E1E586CF194E46AD001CD360 /* Sources */ = {
			isa = PBXSourcesBuildPhase;
			buildActionMask = 2147483647;
			files = (
				E1E586DA194E46AD001CD360 /* PixelinoTests.swift in Sources */,
			);
			runOnlyForDeploymentPostprocessing = 0;
		};
/* End PBXSourcesBuildPhase section */

/* Begin PBXTargetDependency section */
		E1E586D5194E46AD001CD360 /* PBXTargetDependency */ = {
			isa = PBXTargetDependency;
			target = E1E586C0194E46AC001CD360 /* Pixelino */;
			targetProxy = E1E586D4194E46AD001CD360 /* PBXContainerItemProxy */;
		};
/* End PBXTargetDependency section */

/* Begin PBXVariantGroup section */
		E1E586CA194E46AD001CD360 /* Main.storyboard */ = {
			isa = PBXVariantGroup;
			children = (
				E1E586CB194E46AD001CD360 /* Base */,
			);
			name = Main.storyboard;
			sourceTree = "<group>";
		};
/* End PBXVariantGroup section */

/* Begin XCBuildConfiguration section */
		E1E586DB194E46AD001CD360 /* Debug */ = {
			isa = XCBuildConfiguration;
			buildSettings = {
				ALWAYS_SEARCH_USER_PATHS = NO;
				CLANG_CXX_LANGUAGE_STANDARD = "gnu++0x";
				CLANG_CXX_LIBRARY = "libc++";
				CLANG_ENABLE_MODULES = YES;
				CLANG_ENABLE_OBJC_ARC = YES;
				CLANG_WARN_BOOL_CONVERSION = YES;
				CLANG_WARN_CONSTANT_CONVERSION = YES;
				CLANG_WARN_DIRECT_OBJC_ISA_USAGE = YES_ERROR;
				CLANG_WARN_EMPTY_BODY = YES;
				CLANG_WARN_ENUM_CONVERSION = YES;
				CLANG_WARN_INT_CONVERSION = YES;
				CLANG_WARN_OBJC_ROOT_CLASS = YES_ERROR;
				CLANG_WARN_UNREACHABLE_CODE = YES;
				CLANG_WARN__DUPLICATE_METHOD_MATCH = YES;
				"CODE_SIGN_IDENTITY[sdk=iphoneos*]" = "iPhone Developer";
				COPY_PHASE_STRIP = NO;
				ENABLE_STRICT_OBJC_MSGSEND = YES;
				GCC_C_LANGUAGE_STANDARD = gnu99;
				GCC_DYNAMIC_NO_PIC = NO;
				GCC_OPTIMIZATION_LEVEL = 0;
				GCC_PREPROCESSOR_DEFINITIONS = (
					"DEBUG=1",
					"$(inherited)",
				);
				GCC_SYMBOLS_PRIVATE_EXTERN = NO;
				GCC_WARN_64_TO_32_BIT_CONVERSION = YES;
				GCC_WARN_ABOUT_RETURN_TYPE = YES_ERROR;
				GCC_WARN_UNDECLARED_SELECTOR = YES;
				GCC_WARN_UNINITIALIZED_AUTOS = YES_AGGRESSIVE;
				GCC_WARN_UNUSED_FUNCTION = YES;
				GCC_WARN_UNUSED_VARIABLE = YES;
				IPHONEOS_DEPLOYMENT_TARGET = 8.0;
				METAL_ENABLE_DEBUG_INFO = YES;
				ONLY_ACTIVE_ARCH = YES;
				SDKROOT = iphoneos;
				SWIFT_OPTIMIZATION_LEVEL = "-Onone";
				TARGETED_DEVICE_FAMILY = "1,2";
			};
			name = Debug;
		};
		E1E586DC194E46AD001CD360 /* Release */ = {
			isa = XCBuildConfiguration;
			buildSettings = {
				ALWAYS_SEARCH_USER_PATHS = NO;
				CLANG_CXX_LANGUAGE_STANDARD = "gnu++0x";
				CLANG_CXX_LIBRARY = "libc++";
				CLANG_ENABLE_MODULES = YES;
				CLANG_ENABLE_OBJC_ARC = YES;
				CLANG_WARN_BOOL_CONVERSION = YES;
				CLANG_WARN_CONSTANT_CONVERSION = YES;
				CLANG_WARN_DIRECT_OBJC_ISA_USAGE = YES_ERROR;
				CLANG_WARN_EMPTY_BODY = YES;
				CLANG_WARN_ENUM_CONVERSION = YES;
				CLANG_WARN_INT_CONVERSION = YES;
				CLANG_WARN_OBJC_ROOT_CLASS = YES_ERROR;
				CLANG_WARN_UNREACHABLE_CODE = YES;
				CLANG_WARN__DUPLICATE_METHOD_MATCH = YES;
				"CODE_SIGN_IDENTITY[sdk=iphoneos*]" = "iPhone Developer";
				COPY_PHASE_STRIP = YES;
				ENABLE_NS_ASSERTIONS = NO;
				ENABLE_STRICT_OBJC_MSGSEND = YES;
				GCC_C_LANGUAGE_STANDARD = gnu99;
				GCC_WARN_64_TO_32_BIT_CONVERSION = YES;
				GCC_WARN_ABOUT_RETURN_TYPE = YES_ERROR;
				GCC_WARN_UNDECLARED_SELECTOR = YES;
				GCC_WARN_UNINITIALIZED_AUTOS = YES_AGGRESSIVE;
				GCC_WARN_UNUSED_FUNCTION = YES;
				GCC_WARN_UNUSED_VARIABLE = YES;
				IPHONEOS_DEPLOYMENT_TARGET = 8.0;
				METAL_ENABLE_DEBUG_INFO = NO;
				SDKROOT = iphoneos;
				TARGETED_DEVICE_FAMILY = "1,2";
				VALIDATE_PRODUCT = YES;
			};
			name = Release;
		};
		E1E586DE194E46AD001CD360 /* Debug */ = {
			isa = XCBuildConfiguration;
			buildSettings = {
				ASSETCATALOG_COMPILER_APPICON_NAME = AppIcon;
				ASSETCATALOG_COMPILER_LAUNCHIMAGE_NAME = LaunchImage;
				INFOPLIST_FILE = Pixelino/Info.plist;
				LD_RUNPATH_SEARCH_PATHS = "$(inherited) @executable_path/Frameworks";
				PRODUCT_NAME = "$(TARGET_NAME)";
			};
			name = Debug;
		};
		E1E586DF194E46AD001CD360 /* Release */ = {
			isa = XCBuildConfiguration;
			buildSettings = {
				ASSETCATALOG_COMPILER_APPICON_NAME = AppIcon;
				ASSETCATALOG_COMPILER_LAUNCHIMAGE_NAME = LaunchImage;
				INFOPLIST_FILE = Pixelino/Info.plist;
				LD_RUNPATH_SEARCH_PATHS = "$(inherited) @executable_path/Frameworks";
				PRODUCT_NAME = "$(TARGET_NAME)";
			};
			name = Release;
		};
		E1E586E1194E46AD001CD360 /* Debug */ = {
			isa = XCBuildConfiguration;
			buildSettings = {
				BUNDLE_LOADER = "$(BUILT_PRODUCTS_DIR)/Pixelino.app/Pixelino";
				FRAMEWORK_SEARCH_PATHS = (
					"$(SDKROOT)/Developer/Library/Frameworks",
					"$(inherited)",
				);
				GCC_PREPROCESSOR_DEFINITIONS = (
					"DEBUG=1",
					"$(inherited)",
				);
				INFOPLIST_FILE = PixelinoTests/Info.plist;
				LD_RUNPATH_SEARCH_PATHS = "$(inherited) @executable_path/Frameworks @loader_path/Frameworks";
				METAL_ENABLE_DEBUG_INFO = YES;
				PRODUCT_NAME = "$(TARGET_NAME)";
				TEST_HOST = "$(BUNDLE_LOADER)";
			};
			name = Debug;
		};
		E1E586E2194E46AD001CD360 /* Release */ = {
			isa = XCBuildConfiguration;
			buildSettings = {
				BUNDLE_LOADER = "$(BUILT_PRODUCTS_DIR)/Pixelino.app/Pixelino";
				FRAMEWORK_SEARCH_PATHS = (
					"$(SDKROOT)/Developer/Library/Frameworks",
					"$(inherited)",
				);
				INFOPLIST_FILE = PixelinoTests/Info.plist;
				LD_RUNPATH_SEARCH_PATHS = "$(inherited) @executable_path/Frameworks @loader_path/Frameworks";
				METAL_ENABLE_DEBUG_INFO = NO;
				PRODUCT_NAME = "$(TARGET_NAME)";
				TEST_HOST = "$(BUNDLE_LOADER)";
			};
			name = Release;
		};
/* End XCBuildConfiguration section */

/* Begin XCConfigurationList section */
		E1E586BC194E46AC001CD360 /* Build configuration list for PBXProject "Pixelino" */ = {
			isa = XCConfigurationList;
			buildConfigurations = (
				E1E586DB194E46AD001CD360 /* Debug */,
				E1E586DC194E46AD001CD360 /* Release */,
			);
			defaultConfigurationIsVisible = 0;
			defaultConfigurationName = Release;
		};
		E1E586DD194E46AD001CD360 /* Build configuration list for PBXNativeTarget "Pixelino" */ = {
			isa = XCConfigurationList;
			buildConfigurations = (
				E1E586DE194E46AD001CD360 /* Debug */,
				E1E586DF194E46AD001CD360 /* Release */,
			);
			defaultConfigurationIsVisible = 0;
		};
		E1E586E0194E46AD001CD360 /* Build configuration list for PBXNativeTarget "PixelinoTests" */ = {
			isa = XCConfigurationList;
			buildConfigurations = (
				E1E586E1194E46AD001CD360 /* Debug */,
				E1E586E2194E46AD001CD360 /* Release */,
			);
			defaultConfigurationIsVisible = 0;
		};
/* End XCConfigurationList section */
	};
	rootObject = E1E586B9194E46AC001CD360 /* Project object */;
}
